
Microsoft Visual Studio Solution File, Format Version 12.00
# Visual Studio Version 17
VisualStudioVersion = 17.2.32519.379
MinimumVisualStudioVersion = 10.0.40219.1
Project("{FAE04EC0-301F-11D3-BF4B-00C04F79EFBC}") = "tailwind", "tailwind\tailwind.csproj", "{2D3ED807-6F17-4E64-8440-15F4145CE5B7}"
EndProject
Global
	GlobalSection(SolutionConfigurationPlatforms) = preSolution
		Debug|Any CPU = Debug|Any CPU
		Release|Any CPU = Release|Any CPU
	EndGlobalSection
	GlobalSection(ProjectConfigurationPlatforms) = postSolution
		{2D3ED807-6F17-4E64-8440-15F4145CE5B7}.Debug|Any CPU.ActiveCfg = Debug|Any CPU
		{2D3ED807-6F17-4E64-8440-15F4145CE5B7}.Debug|Any CPU.Build.0 = Debug|Any CPU
		{2D3ED807-6F17-4E64-8440-15F4145CE5B7}.Release|Any CPU.ActiveCfg = Release|Any CPU
		{2D3ED807-6F17-4E64-8440-15F4145CE5B7}.Release|Any CPU.Build.0 = Release|Any CPU
	EndGlobalSection
	GlobalSection(SolutionProperties) = preSolution
		HideSolutionNode = FALSE
	EndGlobalSection
	GlobalSection(ExtensibilityGlobals) = postSolution
		SolutionGuid = {371564AE-2003-4AC3-8E93-576C3B206380}
	EndGlobalSection
EndGlobal
